
Microsoft Visual Studio Solution File, Format Version 12.00
# Visual Studio Version 17
VisualStudioVersion = 17.14.36518.9 d17.14
MinimumVisualStudioVersion = 10.0.40219.1
Project("{FAE04EC0-301F-11D3-BF4B-00C04F79EFBC}") = "Static_Price_Austin", "Static_Price_Austin.csproj", "{93AD1714-3607-4A8E-9918-E8622A0F13C2}"
EndProject
Global
	GlobalSection(SolutionConfigurationPlatforms) = preSolution
		Debug|Any CPU = Debug|Any CPU
		Release|Any CPU = Release|Any CPU
	EndGlobalSection
	GlobalSection(ProjectConfigurationPlatforms) = postSolution
		{93AD1714-3607-4A8E-9918-E8622A0F13C2}.Debug|Any CPU.ActiveCfg = Debug|Any CPU
		{93AD1714-3607-4A8E-9918-E8622A0F13C2}.Debug|Any CPU.Build.0 = Debug|Any CPU
		{93AD1714-3607-4A8E-9918-E8622A0F13C2}.Release|Any CPU.ActiveCfg = Release|Any CPU
		{93AD1714-3607-4A8E-9918-E8622A0F13C2}.Release|Any CPU.Build.0 = Release|Any CPU
	EndGlobalSection
	GlobalSection(SolutionProperties) = preSolution
		HideSolutionNode = FALSE
	EndGlobalSection
	GlobalSection(ExtensibilityGlobals) = postSolution
		SolutionGuid = {2D765C83-2997-49AC-BA6D-AC45050786D1}
	EndGlobalSection
EndGlobal
